// !$*UTF8*$!
{
	archiveVersion = 1;
	classes = {
	};
	objectVersion = 46;
	objects = {

/* Begin PBXBuildFile section */
		232F25AC115419389B82C588 /* Pods_goldenrich.framework in Frameworks */ = {isa = PBXBuildFile; fileRef = 72CF372AC1EA4AF876CBE2CE /* Pods_goldenrich.framework */; };
		3322BAA11E83B858003F190E /* AppDelegate.swift in Sources */ = {isa = PBXBuildFile; fileRef = 3322BAA01E83B858003F190E /* AppDelegate.swift */; };
		3322BAA61E83B859003F190E /* Main.storyboard in Resources */ = {isa = PBXBuildFile; fileRef = 3322BAA41E83B859003F190E /* Main.storyboard */; };
		3322BAA81E83B859003F190E /* Assets.xcassets in Resources */ = {isa = PBXBuildFile; fileRef = 3322BAA71E83B859003F190E /* Assets.xcassets */; };
		3322BAAB1E83B859003F190E /* LaunchScreen.storyboard in Resources */ = {isa = PBXBuildFile; fileRef = 3322BAA91E83B859003F190E /* LaunchScreen.storyboard */; };
		3322BAB41E83E8B6003F190E /* ResetPassword.swift in Sources */ = {isa = PBXBuildFile; fileRef = 3322BAB31E83E8B6003F190E /* ResetPassword.swift */; };
		3322BAB61E83E963003F190E /* Register.swift in Sources */ = {isa = PBXBuildFile; fileRef = 3322BAB51E83E963003F190E /* Register.swift */; };
		3322BAB81E83FC11003F190E /* Login.swift in Sources */ = {isa = PBXBuildFile; fileRef = 3322BAB71E83FC11003F190E /* Login.swift */; };
		3322BABA1E840359003F190E /* Home.swift in Sources */ = {isa = PBXBuildFile; fileRef = 3322BAB91E840359003F190E /* Home.swift */; };
		332804D11E8961C400517C86 /* Products.swift in Sources */ = {isa = PBXBuildFile; fileRef = 332804D01E8961C400517C86 /* Products.swift */; };
		332804D41E8963D900517C86 /* ProductTableViewCell.swift in Sources */ = {isa = PBXBuildFile; fileRef = 332804D31E8963D900517C86 /* ProductTableViewCell.swift */; };
		332804D61E89841600517C86 /* ProductItem.swift in Sources */ = {isa = PBXBuildFile; fileRef = 332804D51E89841600517C86 /* ProductItem.swift */; };
		332804D81E89AE3A00517C86 /* ContactUs.swift in Sources */ = {isa = PBXBuildFile; fileRef = 332804D71E89AE3A00517C86 /* ContactUs.swift */; };
		332804DC1E89CB8800517C86 /* SWRevealViewController.m in Sources */ = {isa = PBXBuildFile; fileRef = 332804DB1E89CB8800517C86 /* SWRevealViewController.m */; };
		332804E01E89F60200517C86 /* AboutUs.swift in Sources */ = {isa = PBXBuildFile; fileRef = 332804DF1E89F60200517C86 /* AboutUs.swift */; };
		337C06641E8A12FA006A0509 /* BasketTableViewCell.swift in Sources */ = {isa = PBXBuildFile; fileRef = 337C06631E8A12FA006A0509 /* BasketTableViewCell.swift */; };
		337C06661E8A1312006A0509 /* BasketItem.swift in Sources */ = {isa = PBXBuildFile; fileRef = 337C06651E8A1312006A0509 /* BasketItem.swift */; };
		337C06691E8A1375006A0509 /* Basket.swift in Sources */ = {isa = PBXBuildFile; fileRef = 337C06681E8A1375006A0509 /* Basket.swift */; };
		337C066B1E8AFFEC006A0509 /* OrderTableViewCell.swift in Sources */ = {isa = PBXBuildFile; fileRef = 337C066A1E8AFFEC006A0509 /* OrderTableViewCell.swift */; };
		337C066D1E8B0006006A0509 /* OrderItem.swift in Sources */ = {isa = PBXBuildFile; fileRef = 337C066C1E8B0006006A0509 /* OrderItem.swift */; };
		337C066F1E8B004B006A0509 /* OrderProductTableViewCell.swift in Sources */ = {isa = PBXBuildFile; fileRef = 337C066E1E8B004B006A0509 /* OrderProductTableViewCell.swift */; };
		337C06711E8B0059006A0509 /* OrderProductItem.swift in Sources */ = {isa = PBXBuildFile; fileRef = 337C06701E8B0059006A0509 /* OrderProductItem.swift */; };
		337C06731E8B00AB006A0509 /* TrackingTableViewCell.swift in Sources */ = {isa = PBXBuildFile; fileRef = 337C06721E8B00AB006A0509 /* TrackingTableViewCell.swift */; };
		337C06751E8B00B7006A0509 /* TrackingItem.swift in Sources */ = {isa = PBXBuildFile; fileRef = 337C06741E8B00B7006A0509 /* TrackingItem.swift */; };
		337C06771E8B0D19006A0509 /* Orders.swift in Sources */ = {isa = PBXBuildFile; fileRef = 337C06761E8B0D19006A0509 /* Orders.swift */; };
		337C06791E8B3757006A0509 /* Splash.swift in Sources */ = {isa = PBXBuildFile; fileRef = 337C06781E8B3757006A0509 /* Splash.swift */; };
		337C067B1E8B4C1D006A0509 /* OrderDetails.swift in Sources */ = {isa = PBXBuildFile; fileRef = 337C067A1E8B4C1D006A0509 /* OrderDetails.swift */; };
		337C067D1E8B58BE006A0509 /* SideMenuTableViewController.swift in Sources */ = {isa = PBXBuildFile; fileRef = 337C067C1E8B58BE006A0509 /* SideMenuTableViewController.swift */; };
		33E407491E8BB34800DEDE42 /* Tracking.swift in Sources */ = {isa = PBXBuildFile; fileRef = 33E407481E8BB34800DEDE42 /* Tracking.swift */; };
		33E4074C1E8BB56800DEDE42 /* DateFormat.swift in Sources */ = {isa = PBXBuildFile; fileRef = 33E4074B1E8BB56800DEDE42 /* DateFormat.swift */; };
		33EDBA741E8DA588004F5D0B /* AboutUsTableViewCell.swift in Sources */ = {isa = PBXBuildFile; fileRef = 33EDBA731E8DA588004F5D0B /* AboutUsTableViewCell.swift */; };
		33EDBA761E8DC778004F5D0B /* Utils.swift in Sources */ = {isa = PBXBuildFile; fileRef = 33EDBA751E8DC778004F5D0B /* Utils.swift */; };
/* End PBXBuildFile section */

/* Begin PBXFileReference section */
		3322BA9D1E83B858003F190E /* goldenrich.app */ = {isa = PBXFileReference; explicitFileType = wrapper.application; includeInIndex = 0; path = goldenrich.app; sourceTree = BUILT_PRODUCTS_DIR; };
		3322BAA01E83B858003F190E /* AppDelegate.swift */ = {isa = PBXFileReference; lastKnownFileType = sourcecode.swift; path = AppDelegate.swift; sourceTree = "<group>"; };
		3322BAA51E83B859003F190E /* Base */ = {isa = PBXFileReference; lastKnownFileType = file.storyboard; name = Base; path = Base.lproj/Main.storyboard; sourceTree = "<group>"; };
		3322BAA71E83B859003F190E /* Assets.xcassets */ = {isa = PBXFileReference; lastKnownFileType = folder.assetcatalog; path = Assets.xcassets; sourceTree = "<group>"; };
		3322BAAA1E83B859003F190E /* Base */ = {isa = PBXFileReference; lastKnownFileType = file.storyboard; name = Base; path = Base.lproj/LaunchScreen.storyboard; sourceTree = "<group>"; };
		3322BAAC1E83B859003F190E /* Info.plist */ = {isa = PBXFileReference; lastKnownFileType = text.plist.xml; path = Info.plist; sourceTree = "<group>"; };
		3322BAB31E83E8B6003F190E /* ResetPassword.swift */ = {isa = PBXFileReference; fileEncoding = 4; lastKnownFileType = sourcecode.swift; path = ResetPassword.swift; sourceTree = "<group>"; };
		3322BAB51E83E963003F190E /* Register.swift */ = {isa = PBXFileReference; fileEncoding = 4; lastKnownFileType = sourcecode.swift; path = Register.swift; sourceTree = "<group>"; };
		3322BAB71E83FC11003F190E /* Login.swift */ = {isa = PBXFileReference; fileEncoding = 4; lastKnownFileType = sourcecode.swift; path = Login.swift; sourceTree = "<group>"; };
		3322BAB91E840359003F190E /* Home.swift */ = {isa = PBXFileReference; fileEncoding = 4; lastKnownFileType = sourcecode.swift; path = Home.swift; sourceTree = "<group>"; };
		332804D01E8961C400517C86 /* Products.swift */ = {isa = PBXFileReference; fileEncoding = 4; lastKnownFileType = sourcecode.swift; path = Products.swift; sourceTree = "<group>"; };
		332804D31E8963D900517C86 /* ProductTableViewCell.swift */ = {isa = PBXFileReference; fileEncoding = 4; lastKnownFileType = sourcecode.swift; path = ProductTableViewCell.swift; sourceTree = "<group>"; };
		332804D51E89841600517C86 /* ProductItem.swift */ = {isa = PBXFileReference; fileEncoding = 4; lastKnownFileType = sourcecode.swift; path = ProductItem.swift; sourceTree = "<group>"; };
		332804D71E89AE3A00517C86 /* ContactUs.swift */ = {isa = PBXFileReference; fileEncoding = 4; lastKnownFileType = sourcecode.swift; path = ContactUs.swift; sourceTree = "<group>"; };
		332804D91E89CB8600517C86 /* goldenrich-Bridging-Header.h */ = {isa = PBXFileReference; lastKnownFileType = sourcecode.c.h; path = "goldenrich-Bridging-Header.h"; sourceTree = "<group>"; };
		332804DA1E89CB8800517C86 /* SWRevealViewController.h */ = {isa = PBXFileReference; fileEncoding = 4; lastKnownFileType = sourcecode.c.h; path = SWRevealViewController.h; sourceTree = "<group>"; };
		332804DB1E89CB8800517C86 /* SWRevealViewController.m */ = {isa = PBXFileReference; fileEncoding = 4; lastKnownFileType = sourcecode.c.objc; path = SWRevealViewController.m; sourceTree = "<group>"; };
		332804DF1E89F60200517C86 /* AboutUs.swift */ = {isa = PBXFileReference; fileEncoding = 4; lastKnownFileType = sourcecode.swift; path = AboutUs.swift; sourceTree = "<group>"; };
		337C06631E8A12FA006A0509 /* BasketTableViewCell.swift */ = {isa = PBXFileReference; fileEncoding = 4; lastKnownFileType = sourcecode.swift; path = BasketTableViewCell.swift; sourceTree = "<group>"; };
		337C06651E8A1312006A0509 /* BasketItem.swift */ = {isa = PBXFileReference; fileEncoding = 4; lastKnownFileType = sourcecode.swift; path = BasketItem.swift; sourceTree = "<group>"; };
		337C06681E8A1375006A0509 /* Basket.swift */ = {isa = PBXFileReference; fileEncoding = 4; lastKnownFileType = sourcecode.swift; path = Basket.swift; sourceTree = "<group>"; };
		337C066A1E8AFFEC006A0509 /* OrderTableViewCell.swift */ = {isa = PBXFileReference; fileEncoding = 4; lastKnownFileType = sourcecode.swift; path = OrderTableViewCell.swift; sourceTree = "<group>"; };
		337C066C1E8B0006006A0509 /* OrderItem.swift */ = {isa = PBXFileReference; fileEncoding = 4; lastKnownFileType = sourcecode.swift; path = OrderItem.swift; sourceTree = "<group>"; };
		337C066E1E8B004B006A0509 /* OrderProductTableViewCell.swift */ = {isa = PBXFileReference; fileEncoding = 4; lastKnownFileType = sourcecode.swift; path = OrderProductTableViewCell.swift; sourceTree = "<group>"; };
		337C06701E8B0059006A0509 /* OrderProductItem.swift */ = {isa = PBXFileReference; fileEncoding = 4; lastKnownFileType = sourcecode.swift; path = OrderProductItem.swift; sourceTree = "<group>"; };
		337C06721E8B00AB006A0509 /* TrackingTableViewCell.swift */ = {isa = PBXFileReference; fileEncoding = 4; lastKnownFileType = sourcecode.swift; path = TrackingTableViewCell.swift; sourceTree = "<group>"; };
		337C06741E8B00B7006A0509 /* TrackingItem.swift */ = {isa = PBXFileReference; fileEncoding = 4; lastKnownFileType = sourcecode.swift; path = TrackingItem.swift; sourceTree = "<group>"; };
		337C06761E8B0D19006A0509 /* Orders.swift */ = {isa = PBXFileReference; fileEncoding = 4; lastKnownFileType = sourcecode.swift; path = Orders.swift; sourceTree = "<group>"; };
		337C06781E8B3757006A0509 /* Splash.swift */ = {isa = PBXFileReference; fileEncoding = 4; lastKnownFileType = sourcecode.swift; path = Splash.swift; sourceTree = "<group>"; };
		337C067A1E8B4C1D006A0509 /* OrderDetails.swift */ = {isa = PBXFileReference; fileEncoding = 4; lastKnownFileType = sourcecode.swift; path = OrderDetails.swift; sourceTree = "<group>"; };
		337C067C1E8B58BE006A0509 /* SideMenuTableViewController.swift */ = {isa = PBXFileReference; fileEncoding = 4; lastKnownFileType = sourcecode.swift; path = SideMenuTableViewController.swift; sourceTree = "<group>"; };
		33E407481E8BB34800DEDE42 /* Tracking.swift */ = {isa = PBXFileReference; fileEncoding = 4; lastKnownFileType = sourcecode.swift; path = Tracking.swift; sourceTree = "<group>"; };
		33E4074B1E8BB56800DEDE42 /* DateFormat.swift */ = {isa = PBXFileReference; fileEncoding = 4; lastKnownFileType = sourcecode.swift; path = DateFormat.swift; sourceTree = "<group>"; };
		33EDBA731E8DA588004F5D0B /* AboutUsTableViewCell.swift */ = {isa = PBXFileReference; fileEncoding = 4; lastKnownFileType = sourcecode.swift; path = AboutUsTableViewCell.swift; sourceTree = "<group>"; };
		33EDBA751E8DC778004F5D0B /* Utils.swift */ = {isa = PBXFileReference; fileEncoding = 4; lastKnownFileType = sourcecode.swift; path = Utils.swift; sourceTree = "<group>"; };
		43C0FA0EC583AA17751DC6B0 /* Pods-goldenrich.release.xcconfig */ = {isa = PBXFileReference; includeInIndex = 1; lastKnownFileType = text.xcconfig; name = "Pods-goldenrich.release.xcconfig"; path = "Pods/Target Support Files/Pods-goldenrich/Pods-goldenrich.release.xcconfig"; sourceTree = "<group>"; };
		72CF372AC1EA4AF876CBE2CE /* Pods_goldenrich.framework */ = {isa = PBXFileReference; explicitFileType = wrapper.framework; includeInIndex = 0; path = Pods_goldenrich.framework; sourceTree = BUILT_PRODUCTS_DIR; };
		ADBBC087DE17A64D72A95E1D /* Pods-goldenrich.debug.xcconfig */ = {isa = PBXFileReference; includeInIndex = 1; lastKnownFileType = text.xcconfig; name = "Pods-goldenrich.debug.xcconfig"; path = "Pods/Target Support Files/Pods-goldenrich/Pods-goldenrich.debug.xcconfig"; sourceTree = "<group>"; };
/* End PBXFileReference section */

/* Begin PBXFrameworksBuildPhase section */
		3322BA9A1E83B858003F190E /* Frameworks */ = {
			isa = PBXFrameworksBuildPhase;
			buildActionMask = 2147483647;
			files = (
				232F25AC115419389B82C588 /* Pods_goldenrich.framework in Frameworks */,
			);
			runOnlyForDeploymentPostprocessing = 0;
		};
/* End PBXFrameworksBuildPhase section */

/* Begin PBXGroup section */
		04F01BF48A5F60E6EC398946 /* Pods */ = {
			isa = PBXGroup;
			children = (
				ADBBC087DE17A64D72A95E1D /* Pods-goldenrich.debug.xcconfig */,
				43C0FA0EC583AA17751DC6B0 /* Pods-goldenrich.release.xcconfig */,
			);
			name = Pods;
			sourceTree = "<group>";
		};
		3322BA941E83B858003F190E = {
			isa = PBXGroup;
			children = (
				3322BA9F1E83B858003F190E /* goldenrich */,
				3322BA9E1E83B858003F190E /* Products */,
				04F01BF48A5F60E6EC398946 /* Pods */,
				B9300E8C274E200009E50E48 /* Frameworks */,
			);
			sourceTree = "<group>";
		};
		3322BA9E1E83B858003F190E /* Products */ = {
			isa = PBXGroup;
			children = (
				3322BA9D1E83B858003F190E /* goldenrich.app */,
			);
			name = Products;
			sourceTree = "<group>";
		};
		3322BA9F1E83B858003F190E /* goldenrich */ = {
			isa = PBXGroup;
			children = (
				332804DD1E89CB8F00517C86 /* SideMenu */,
				33E4074D1E8BCADD00DEDE42 /* TableViewCell */,
				33E4074A1E8BB55A00DEDE42 /* Helper */,
				332804D21E8963A100517C86 /* Object */,
				3322BAB21E83E890003F190E /* Controller */,
				3322BAA01E83B858003F190E /* AppDelegate.swift */,
				3322BAA41E83B859003F190E /* Main.storyboard */,
				3322BAA71E83B859003F190E /* Assets.xcassets */,
				3322BAA91E83B859003F190E /* LaunchScreen.storyboard */,
				3322BAAC1E83B859003F190E /* Info.plist */,
			);
			path = goldenrich;
			sourceTree = "<group>";
		};
		3322BAB21E83E890003F190E /* Controller */ = {
			isa = PBXGroup;
			children = (
				3322BAB31E83E8B6003F190E /* ResetPassword.swift */,
				3322BAB51E83E963003F190E /* Register.swift */,
				3322BAB71E83FC11003F190E /* Login.swift */,
				3322BAB91E840359003F190E /* Home.swift */,
				332804D01E8961C400517C86 /* Products.swift */,
				332804D71E89AE3A00517C86 /* ContactUs.swift */,
				332804DF1E89F60200517C86 /* AboutUs.swift */,
				337C06681E8A1375006A0509 /* Basket.swift */,
				337C06761E8B0D19006A0509 /* Orders.swift */,
				337C06781E8B3757006A0509 /* Splash.swift */,
				337C067A1E8B4C1D006A0509 /* OrderDetails.swift */,
				337C067C1E8B58BE006A0509 /* SideMenuTableViewController.swift */,
				33E407481E8BB34800DEDE42 /* Tracking.swift */,
			);
			name = Controller;
			sourceTree = "<group>";
		};
		332804D21E8963A100517C86 /* Object */ = {
			isa = PBXGroup;
			children = (
				332804D51E89841600517C86 /* ProductItem.swift */,
				337C06651E8A1312006A0509 /* BasketItem.swift */,
				337C066C1E8B0006006A0509 /* OrderItem.swift */,
				337C06701E8B0059006A0509 /* OrderProductItem.swift */,
				337C06741E8B00B7006A0509 /* TrackingItem.swift */,
			);
			name = Object;
			sourceTree = "<group>";
		};
		332804DD1E89CB8F00517C86 /* SideMenu */ = {
			isa = PBXGroup;
			children = (
				332804DA1E89CB8800517C86 /* SWRevealViewController.h */,
				332804DB1E89CB8800517C86 /* SWRevealViewController.m */,
				332804D91E89CB8600517C86 /* goldenrich-Bridging-Header.h */,
			);
			name = SideMenu;
			sourceTree = "<group>";
		};
		33E4074A1E8BB55A00DEDE42 /* Helper */ = {
			isa = PBXGroup;
			children = (
				33E4074B1E8BB56800DEDE42 /* DateFormat.swift */,
				33EDBA751E8DC778004F5D0B /* Utils.swift */,
			);
			name = Helper;
			sourceTree = "<group>";
		};
		33E4074D1E8BCADD00DEDE42 /* TableViewCell */ = {
			isa = PBXGroup;
			children = (
				332804D31E8963D900517C86 /* ProductTableViewCell.swift */,
				337C06631E8A12FA006A0509 /* BasketTableViewCell.swift */,
				337C066A1E8AFFEC006A0509 /* OrderTableViewCell.swift */,
				337C066E1E8B004B006A0509 /* OrderProductTableViewCell.swift */,
				337C06721E8B00AB006A0509 /* TrackingTableViewCell.swift */,
				33EDBA731E8DA588004F5D0B /* AboutUsTableViewCell.swift */,
			);
			name = TableViewCell;
			sourceTree = "<group>";
		};
		B9300E8C274E200009E50E48 /* Frameworks */ = {
			isa = PBXGroup;
			children = (
				72CF372AC1EA4AF876CBE2CE /* Pods_goldenrich.framework */,
			);
			name = Frameworks;
			sourceTree = "<group>";
		};
/* End PBXGroup section */

/* Begin PBXNativeTarget section */
		3322BA9C1E83B858003F190E /* goldenrich */ = {
			isa = PBXNativeTarget;
			buildConfigurationList = 3322BAAF1E83B859003F190E /* Build configuration list for PBXNativeTarget "goldenrich" */;
			buildPhases = (
				2927D23BCC8E53E9FF3BC330 /* [CP] Check Pods Manifest.lock */,
				3322BA991E83B858003F190E /* Sources */,
				3322BA9A1E83B858003F190E /* Frameworks */,
				3322BA9B1E83B858003F190E /* Resources */,
				22A4CEE645CEB270BCAAE617 /* [CP] Embed Pods Frameworks */,
				142DDBB59E95E7C9DBB86B6B /* [CP] Copy Pods Resources */,
			);
			buildRules = (
			);
			dependencies = (
			);
			name = goldenrich;
			productName = goldenrich;
			productReference = 3322BA9D1E83B858003F190E /* goldenrich.app */;
			productType = "com.apple.product-type.application";
		};
/* End PBXNativeTarget section */

/* Begin PBXProject section */
		3322BA951E83B858003F190E /* Project object */ = {
			isa = PBXProject;
			attributes = {
				LastSwiftUpdateCheck = 0800;
				LastUpgradeCheck = 0800;
				ORGANIZATIONNAME = "Be 4 e-Marketing";
				TargetAttributes = {
					3322BA9C1E83B858003F190E = {
						CreatedOnToolsVersion = 8.0;
						DevelopmentTeam = S8GM8ACE4X;
						LastSwiftMigration = 0800;
						ProvisioningStyle = Manual;
					};
				};
			};
			buildConfigurationList = 3322BA981E83B858003F190E /* Build configuration list for PBXProject "goldenrich" */;
			compatibilityVersion = "Xcode 3.2";
			developmentRegion = English;
			hasScannedForEncodings = 0;
			knownRegions = (
				en,
				Base,
			);
			mainGroup = 3322BA941E83B858003F190E;
			productRefGroup = 3322BA9E1E83B858003F190E /* Products */;
			projectDirPath = "";
			projectRoot = "";
			targets = (
				3322BA9C1E83B858003F190E /* goldenrich */,
			);
		};
/* End PBXProject section */

/* Begin PBXResourcesBuildPhase section */
		3322BA9B1E83B858003F190E /* Resources */ = {
			isa = PBXResourcesBuildPhase;
			buildActionMask = 2147483647;
			files = (
				3322BAAB1E83B859003F190E /* LaunchScreen.storyboard in Resources */,
				3322BAA81E83B859003F190E /* Assets.xcassets in Resources */,
				3322BAA61E83B859003F190E /* Main.storyboard in Resources */,
			);
			runOnlyForDeploymentPostprocessing = 0;
		};
/* End PBXResourcesBuildPhase section */

/* Begin PBXShellScriptBuildPhase section */
		142DDBB59E95E7C9DBB86B6B /* [CP] Copy Pods Resources */ = {
			isa = PBXShellScriptBuildPhase;
			buildActionMask = 2147483647;
			files = (
			);
			inputPaths = (
			);
			name = "[CP] Copy Pods Resources";
			outputPaths = (
			);
			runOnlyForDeploymentPostprocessing = 0;
			shellPath = /bin/sh;
			shellScript = "\"${SRCROOT}/Pods/Target Support Files/Pods-goldenrich/Pods-goldenrich-resources.sh\"\n";
			showEnvVarsInLog = 0;
		};
		22A4CEE645CEB270BCAAE617 /* [CP] Embed Pods Frameworks */ = {
			isa = PBXShellScriptBuildPhase;
			buildActionMask = 2147483647;
			files = (
			);
			inputPaths = (
			);
			name = "[CP] Embed Pods Frameworks";
			outputPaths = (
			);
			runOnlyForDeploymentPostprocessing = 0;
			shellPath = /bin/sh;
			shellScript = "\"${SRCROOT}/Pods/Target Support Files/Pods-goldenrich/Pods-goldenrich-frameworks.sh\"\n";
			showEnvVarsInLog = 0;
		};
		2927D23BCC8E53E9FF3BC330 /* [CP] Check Pods Manifest.lock */ = {
			isa = PBXShellScriptBuildPhase;
			buildActionMask = 2147483647;
			files = (
			);
			inputPaths = (
			);
			name = "[CP] Check Pods Manifest.lock";
			outputPaths = (
			);
			runOnlyForDeploymentPostprocessing = 0;
			shellPath = /bin/sh;
			shellScript = "diff \"${PODS_ROOT}/../Podfile.lock\" \"${PODS_ROOT}/Manifest.lock\" > /dev/null\nif [ $? != 0 ] ; then\n    # print error to STDERR\n    echo \"error: The sandbox is not in sync with the Podfile.lock. Run 'pod install' or update your CocoaPods installation.\" >&2\n    exit 1\nfi\n";
			showEnvVarsInLog = 0;
		};
/* End PBXShellScriptBuildPhase section */

/* Begin PBXSourcesBuildPhase section */
		3322BA991E83B858003F190E /* Sources */ = {
			isa = PBXSourcesBuildPhase;
			buildActionMask = 2147483647;
			files = (
				332804D81E89AE3A00517C86 /* ContactUs.swift in Sources */,
				337C06661E8A1312006A0509 /* BasketItem.swift in Sources */,
				33EDBA741E8DA588004F5D0B /* AboutUsTableViewCell.swift in Sources */,
				33EDBA761E8DC778004F5D0B /* Utils.swift in Sources */,
				337C06771E8B0D19006A0509 /* Orders.swift in Sources */,
				337C066B1E8AFFEC006A0509 /* OrderTableViewCell.swift in Sources */,
				337C067D1E8B58BE006A0509 /* SideMenuTableViewController.swift in Sources */,
				337C06791E8B3757006A0509 /* Splash.swift in Sources */,
				3322BAB41E83E8B6003F190E /* ResetPassword.swift in Sources */,
				337C06731E8B00AB006A0509 /* TrackingTableViewCell.swift in Sources */,
				337C067B1E8B4C1D006A0509 /* OrderDetails.swift in Sources */,
				332804D41E8963D900517C86 /* ProductTableViewCell.swift in Sources */,
				332804E01E89F60200517C86 /* AboutUs.swift in Sources */,
				337C06711E8B0059006A0509 /* OrderProductItem.swift in Sources */,
				3322BAB81E83FC11003F190E /* Login.swift in Sources */,
				332804D61E89841600517C86 /* ProductItem.swift in Sources */,
				337C066F1E8B004B006A0509 /* OrderProductTableViewCell.swift in Sources */,
				332804D11E8961C400517C86 /* Products.swift in Sources */,
				3322BAB61E83E963003F190E /* Register.swift in Sources */,
				33E407491E8BB34800DEDE42 /* Tracking.swift in Sources */,
				337C06751E8B00B7006A0509 /* TrackingItem.swift in Sources */,
				337C066D1E8B0006006A0509 /* OrderItem.swift in Sources */,
				337C06691E8A1375006A0509 /* Basket.swift in Sources */,
				332804DC1E89CB8800517C86 /* SWRevealViewController.m in Sources */,
				3322BABA1E840359003F190E /* Home.swift in Sources */,
				337C06641E8A12FA006A0509 /* BasketTableViewCell.swift in Sources */,
				3322BAA11E83B858003F190E /* AppDelegate.swift in Sources */,
				33E4074C1E8BB56800DEDE42 /* DateFormat.swift in Sources */,
			);
			runOnlyForDeploymentPostprocessing = 0;
		};
/* End PBXSourcesBuildPhase section */

/* Begin PBXVariantGroup section */
		3322BAA41E83B859003F190E /* Main.storyboard */ = {
			isa = PBXVariantGroup;
			children = (
				3322BAA51E83B859003F190E /* Base */,
			);
			name = Main.storyboard;
			sourceTree = "<group>";
		};
		3322BAA91E83B859003F190E /* LaunchScreen.storyboard */ = {
			isa = PBXVariantGroup;
			children = (
				3322BAAA1E83B859003F190E /* Base */,
			);
			name = LaunchScreen.storyboard;
			sourceTree = "<group>";
		};
/* End PBXVariantGroup section */

/* Begin XCBuildConfiguration section */
		3322BAAD1E83B859003F190E /* Debug */ = {
			isa = XCBuildConfiguration;
			buildSettings = {
				ALWAYS_SEARCH_USER_PATHS = NO;
				CLANG_ANALYZER_NONNULL = YES;
				CLANG_CXX_LANGUAGE_STANDARD = "gnu++0x";
				CLANG_CXX_LIBRARY = "libc++";
				CLANG_ENABLE_MODULES = YES;
				CLANG_ENABLE_OBJC_ARC = YES;
				CLANG_WARN_BOOL_CONVERSION = YES;
				CLANG_WARN_CONSTANT_CONVERSION = YES;
				CLANG_WARN_DIRECT_OBJC_ISA_USAGE = YES_ERROR;
				CLANG_WARN_DOCUMENTATION_COMMENTS = YES;
				CLANG_WARN_EMPTY_BODY = YES;
				CLANG_WARN_ENUM_CONVERSION = YES;
				CLANG_WARN_INFINITE_RECURSION = YES;
				CLANG_WARN_INT_CONVERSION = YES;
				CLANG_WARN_OBJC_ROOT_CLASS = YES_ERROR;
				CLANG_WARN_SUSPICIOUS_MOVES = YES;
				CLANG_WARN_UNREACHABLE_CODE = YES;
				CLANG_WARN__DUPLICATE_METHOD_MATCH = YES;
				"CODE_SIGN_IDENTITY[sdk=iphoneos*]" = "iPhone Developer";
				COPY_PHASE_STRIP = NO;
				DEBUG_INFORMATION_FORMAT = dwarf;
				ENABLE_STRICT_OBJC_MSGSEND = YES;
				ENABLE_TESTABILITY = YES;
				GCC_C_LANGUAGE_STANDARD = gnu99;
				GCC_DYNAMIC_NO_PIC = NO;
				GCC_NO_COMMON_BLOCKS = YES;
				GCC_OPTIMIZATION_LEVEL = 0;
				GCC_PREPROCESSOR_DEFINITIONS = (
					"DEBUG=1",
					"$(inherited)",
				);
				GCC_WARN_64_TO_32_BIT_CONVERSION = YES;
				GCC_WARN_ABOUT_RETURN_TYPE = YES_ERROR;
				GCC_WARN_UNDECLARED_SELECTOR = YES;
				GCC_WARN_UNINITIALIZED_AUTOS = YES_AGGRESSIVE;
				GCC_WARN_UNUSED_FUNCTION = YES;
				GCC_WARN_UNUSED_VARIABLE = YES;
				IPHONEOS_DEPLOYMENT_TARGET = 10.0;
				MTL_ENABLE_DEBUG_INFO = YES;
				ONLY_ACTIVE_ARCH = YES;
				SDKROOT = iphoneos;
				SWIFT_ACTIVE_COMPILATION_CONDITIONS = DEBUG;
				SWIFT_OPTIMIZATION_LEVEL = "-Onone";
				TARGETED_DEVICE_FAMILY = "1,2";
			};
			name = Debug;
		};
		3322BAAE1E83B859003F190E /* Release */ = {
			isa = XCBuildConfiguration;
			buildSettings = {
				ALWAYS_SEARCH_USER_PATHS = NO;
				CLANG_ANALYZER_NONNULL = YES;
				CLANG_CXX_LANGUAGE_STANDARD = "gnu++0x";
				CLANG_CXX_LIBRARY = "libc++";
				CLANG_ENABLE_MODULES = YES;
				CLANG_ENABLE_OBJC_ARC = YES;
				CLANG_WARN_BOOL_CONVERSION = YES;
				CLANG_WARN_CONSTANT_CONVERSION = YES;
				CLANG_WARN_DIRECT_OBJC_ISA_USAGE = YES_ERROR;
				CLANG_WARN_DOCUMENTATION_COMMENTS = YES;
				CLANG_WARN_EMPTY_BODY = YES;
				CLANG_WARN_ENUM_CONVERSION = YES;
				CLANG_WARN_INFINITE_RECURSION = YES;
				CLANG_WARN_INT_CONVERSION = YES;
				CLANG_WARN_OBJC_ROOT_CLASS = YES_ERROR;
				CLANG_WARN_SUSPICIOUS_MOVES = YES;
				CLANG_WARN_UNREACHABLE_CODE = YES;
				CLANG_WARN__DUPLICATE_METHOD_MATCH = YES;
				"CODE_SIGN_IDENTITY[sdk=iphoneos*]" = "iPhone Developer";
				COPY_PHASE_STRIP = NO;
				DEBUG_INFORMATION_FORMAT = "dwarf-with-dsym";
				ENABLE_NS_ASSERTIONS = NO;
				ENABLE_STRICT_OBJC_MSGSEND = YES;
				GCC_C_LANGUAGE_STANDARD = gnu99;
				GCC_NO_COMMON_BLOCKS = YES;
				GCC_WARN_64_TO_32_BIT_CONVERSION = YES;
				GCC_WARN_ABOUT_RETURN_TYPE = YES_ERROR;
				GCC_WARN_UNDECLARED_SELECTOR = YES;
				GCC_WARN_UNINITIALIZED_AUTOS = YES_AGGRESSIVE;
				GCC_WARN_UNUSED_FUNCTION = YES;
				GCC_WARN_UNUSED_VARIABLE = YES;
				IPHONEOS_DEPLOYMENT_TARGET = 10.0;
				MTL_ENABLE_DEBUG_INFO = NO;
				SDKROOT = iphoneos;
				SWIFT_OPTIMIZATION_LEVEL = "-Owholemodule";
				TARGETED_DEVICE_FAMILY = "1,2";
				VALIDATE_PRODUCT = YES;
			};
			name = Release;
		};
		3322BAB01E83B859003F190E /* Debug */ = {
			isa = XCBuildConfiguration;
			baseConfigurationReference = ADBBC087DE17A64D72A95E1D /* Pods-goldenrich.debug.xcconfig */;
			buildSettings = {
				ASSETCATALOG_COMPILER_APPICON_NAME = AppIcon;
				CLANG_ENABLE_MODULES = YES;
				CODE_SIGN_IDENTITY = "iPhone Distribution";
				"CODE_SIGN_IDENTITY[sdk=iphoneos*]" = "iPhone Distribution";
				DEVELOPMENT_TEAM = S8GM8ACE4X;
				INFOPLIST_FILE = goldenrich/Info.plist;
				IPHONEOS_DEPLOYMENT_TARGET = 10.0;
				LD_RUNPATH_SEARCH_PATHS = "$(inherited) @executable_path/Frameworks";
				PRODUCT_BUNDLE_IDENTIFIER = com.Be4em.goldenrich;
				PRODUCT_NAME = "$(TARGET_NAME)";
				PROVISIONING_PROFILE = "886f6afc-b82f-432e-a600-43574ff93bef";
				PROVISIONING_PROFILE_SPECIFIER = "Water House";
				SWIFT_OBJC_BRIDGING_HEADER = "goldenrich/goldenrich-Bridging-Header.h";
				SWIFT_OPTIMIZATION_LEVEL = "-Onone";
				SWIFT_VERSION = 3.0;
				TARGETED_DEVICE_FAMILY = "1,2";
			};
			name = Debug;
		};
		3322BAB11E83B859003F190E /* Release */ = {
			isa = XCBuildConfiguration;
			baseConfigurationReference = 43C0FA0EC583AA17751DC6B0 /* Pods-goldenrich.release.xcconfig */;
			buildSettings = {
				ASSETCATALOG_COMPILER_APPICON_NAME = AppIcon;
				CLANG_ENABLE_MODULES = YES;
				CODE_SIGN_IDENTITY = "iPhone Distribution: Asma Ashraf (S8GM8ACE4X)";
				"CODE_SIGN_IDENTITY[sdk=iphoneos*]" = "iPhone Distribution";
				DEVELOPMENT_TEAM = S8GM8ACE4X;
				INFOPLIST_FILE = goldenrich/Info.plist;
				IPHONEOS_DEPLOYMENT_TARGET = 10.0;
				LD_RUNPATH_SEARCH_PATHS = "$(inherited) @executable_path/Frameworks";
				ONLY_ACTIVE_ARCH = YES;
				PRODUCT_BUNDLE_IDENTIFIER = com.Be4em.goldenrich;
				PRODUCT_NAME = "$(TARGET_NAME)";
				PROVISIONING_PROFILE = "886f6afc-b82f-432e-a600-43574ff93bef";
				PROVISIONING_PROFILE_SPECIFIER = "Water House";
				SWIFT_OBJC_BRIDGING_HEADER = "goldenrich/goldenrich-Bridging-Header.h";
				SWIFT_VERSION = 3.0;
				TARGETED_DEVICE_FAMILY = "1,2";
			};
			name = Release;
		};
/* End XCBuildConfiguration section */

/* Begin XCConfigurationList section */
		3322BA981E83B858003F190E /* Build configuration list for PBXProject "goldenrich" */ = {
			isa = XCConfigurationList;
			buildConfigurations = (
				3322BAAD1E83B859003F190E /* Debug */,
				3322BAAE1E83B859003F190E /* Release */,
			);
			defaultConfigurationIsVisible = 0;
			defaultConfigurationName = Release;
		};
		3322BAAF1E83B859003F190E /* Build configuration list for PBXNativeTarget "goldenrich" */ = {
			isa = XCConfigurationList;
			buildConfigurations = (
				3322BAB01E83B859003F190E /* Debug */,
				3322BAB11E83B859003F190E /* Release */,
			);
			defaultConfigurationIsVisible = 0;
			defaultConfigurationName = Release;
		};
/* End XCConfigurationList section */
	};
	rootObject = 3322BA951E83B858003F190E /* Project object */;
}
